
Microsoft Visual Studio Solution File, Format Version 12.00
# Visual Studio Version 16
VisualStudioVersion = 16.0.29411.108
MinimumVisualStudioVersion = 10.0.40219.1
Project("{FAE04EC0-301F-11D3-BF4B-00C04F79EFBC}") = "Templates 4 you", "Templates 4 you\Templates 4 you.csproj", "{6510E719-0A6B-4D53-8DE5-E070FBBED583}"
EndProject
Global
	GlobalSection(SolutionConfigurationPlatforms) = preSolution
		Debug|Any CPU = Debug|Any CPU
		Release|Any CPU = Release|Any CPU
	EndGlobalSection
	GlobalSection(ProjectConfigurationPlatforms) = postSolution
		{6510E719-0A6B-4D53-8DE5-E070FBBED583}.Debug|Any CPU.ActiveCfg = Debug|Any CPU
		{6510E719-0A6B-4D53-8DE5-E070FBBED583}.Debug|Any CPU.Build.0 = Debug|Any CPU
		{6510E719-0A6B-4D53-8DE5-E070FBBED583}.Release|Any CPU.ActiveCfg = Release|Any CPU
		{6510E719-0A6B-4D53-8DE5-E070FBBED583}.Release|Any CPU.Build.0 = Release|Any CPU
	EndGlobalSection
	GlobalSection(SolutionProperties) = preSolution
		HideSolutionNode = FALSE
	EndGlobalSection
	GlobalSection(ExtensibilityGlobals) = postSolution
		SolutionGuid = {97245B63-7CED-4046-90CD-8EC9AA84DF2E}
	EndGlobalSection
EndGlobal
